
Microsoft Visual Studio Solution File, Format Version 12.00
# Visual Studio Version 16
VisualStudioVersion = 16.0.30413.136
MinimumVisualStudioVersion = 10.0.40219.1
Project("{FAE04EC0-301F-11D3-BF4B-00C04F79EFBC}") = "Contract", "Contract\Contract.csproj", "{9A721104-6837-4DF0-9932-A6641A5A10E4}"
EndProject
Global
	GlobalSection(SolutionConfigurationPlatforms) = preSolution
		Debug|Any CPU = Debug|Any CPU
		Release|Any CPU = Release|Any CPU
	EndGlobalSection
	GlobalSection(ProjectConfigurationPlatforms) = postSolution
		{9A721104-6837-4DF0-9932-A6641A5A10E4}.Debug|Any CPU.ActiveCfg = Debug|Any CPU
		{9A721104-6837-4DF0-9932-A6641A5A10E4}.Debug|Any CPU.Build.0 = Debug|Any CPU
		{9A721104-6837-4DF0-9932-A6641A5A10E4}.Release|Any CPU.ActiveCfg = Release|Any CPU
		{9A721104-6837-4DF0-9932-A6641A5A10E4}.Release|Any CPU.Build.0 = Release|Any CPU
	EndGlobalSection
	GlobalSection(SolutionProperties) = preSolution
		HideSolutionNode = FALSE
	EndGlobalSection
	GlobalSection(ExtensibilityGlobals) = postSolution
		SolutionGuid = {F7DE940A-850D-449D-9E47-E7715BD10D12}
	EndGlobalSection
EndGlobal
